// !$*UTF8*$!
{
	archiveVersion = 1;
	classes = {
	};
	objectVersion = 50;
	objects = {

/* Begin PBXBuildFile section */
		349EAC61246BFD0900FB3E28 /* add.metal in Sources */ = {isa = PBXBuildFile; fileRef = 349EAC60246BFD0900FB3E28 /* add.metal */; };
		349EAC63246BFE5C00FB3E28 /* MetalAdder.swift in Sources */ = {isa = PBXBuildFile; fileRef = 349EAC62246BFE5C00FB3E28 /* MetalAdder.swift */; };
		34C809E5246B7C2100DBC2D2 /* main.swift in Sources */ = {isa = PBXBuildFile; fileRef = 34C809E4246B7C2100DBC2D2 /* main.swift */; };
		34C809ED246B7C6F00DBC2D2 /* Metal.framework in Frameworks */ = {isa = PBXBuildFile; fileRef = 34C809EC246B7C6F00DBC2D2 /* Metal.framework */; };
/* End PBXBuildFile section */

/* Begin PBXCopyFilesBuildPhase section */
		34C809DF246B7C2100DBC2D2 /* CopyFiles */ = {
			isa = PBXCopyFilesBuildPhase;
			buildActionMask = 2147483647;
			dstPath = /usr/share/man/man1/;
			dstSubfolderSpec = 0;
			files = (
			);
			runOnlyForDeploymentPostprocessing = 1;
		};
/* End PBXCopyFilesBuildPhase section */

/* Begin PBXFileReference section */
		349EAC60246BFD0900FB3E28 /* add.metal */ = {isa = PBXFileReference; lastKnownFileType = sourcecode.metal; path = add.metal; sourceTree = "<group>"; };
		349EAC62246BFE5C00FB3E28 /* MetalAdder.swift */ = {isa = PBXFileReference; lastKnownFileType = sourcecode.swift; path = MetalAdder.swift; sourceTree = "<group>"; };
		34C809E1246B7C2100DBC2D2 /* learning-metal */ = {isa = PBXFileReference; explicitFileType = "compiled.mach-o.executable"; includeInIndex = 0; path = "learning-metal"; sourceTree = BUILT_PRODUCTS_DIR; };
		34C809E4246B7C2100DBC2D2 /* main.swift */ = {isa = PBXFileReference; lastKnownFileType = sourcecode.swift; path = main.swift; sourceTree = "<group>"; };
		34C809EC246B7C6F00DBC2D2 /* Metal.framework */ = {isa = PBXFileReference; lastKnownFileType = wrapper.framework; name = Metal.framework; path = System/Library/Frameworks/Metal.framework; sourceTree = SDKROOT; };
/* End PBXFileReference section */

/* Begin PBXFrameworksBuildPhase section */
		34C809DE246B7C2100DBC2D2 /* Frameworks */ = {
			isa = PBXFrameworksBuildPhase;
			buildActionMask = 2147483647;
			files = (
				34C809ED246B7C6F00DBC2D2 /* Metal.framework in Frameworks */,
			);
			runOnlyForDeploymentPostprocessing = 0;
		};
/* End PBXFrameworksBuildPhase section */

/* Begin PBXGroup section */
		34C809D8246B7C2100DBC2D2 = {
			isa = PBXGroup;
			children = (
				34C809E3246B7C2100DBC2D2 /* learning-metal */,
				34C809E2246B7C2100DBC2D2 /* Products */,
				34C809EB246B7C6F00DBC2D2 /* Frameworks */,
			);
			sourceTree = "<group>";
		};
		34C809E2246B7C2100DBC2D2 /* Products */ = {
			isa = PBXGroup;
			children = (
				34C809E1246B7C2100DBC2D2 /* learning-metal */,
			);
			name = Products;
			sourceTree = "<group>";
		};
		34C809E3246B7C2100DBC2D2 /* learning-metal */ = {
			isa = PBXGroup;
			children = (
				34C809E4246B7C2100DBC2D2 /* main.swift */,
				349EAC60246BFD0900FB3E28 /* add.metal */,
				349EAC62246BFE5C00FB3E28 /* MetalAdder.swift */,
			);
			path = "learning-metal";
			sourceTree = "<group>";
		};
		34C809EB246B7C6F00DBC2D2 /* Frameworks */ = {
			isa = PBXGroup;
			children = (
				34C809EC246B7C6F00DBC2D2 /* Metal.framework */,
			);
			name = Frameworks;
			sourceTree = "<group>";
		};
/* End PBXGroup section */

/* Begin PBXNativeTarget section */
		34C809E0246B7C2100DBC2D2 /* learning-metal */ = {
			isa = PBXNativeTarget;
			buildConfigurationList = 34C809E8246B7C2100DBC2D2 /* Build configuration list for PBXNativeTarget "learning-metal" */;
			buildPhases = (
				34C809DD246B7C2100DBC2D2 /* Sources */,
				34C809DE246B7C2100DBC2D2 /* Frameworks */,
				34C809DF246B7C2100DBC2D2 /* CopyFiles */,
			);
			buildRules = (
			);
			dependencies = (
			);
			name = "learning-metal";
			productName = "learning-metal";
			productReference = 34C809E1246B7C2100DBC2D2 /* learning-metal */;
			productType = "com.apple.product-type.tool";
		};
/* End PBXNativeTarget section */

/* Begin PBXProject section */
		34C809D9246B7C2100DBC2D2 /* Project object */ = {
			isa = PBXProject;
			attributes = {
				LastSwiftUpdateCheck = 1140;
				LastUpgradeCheck = 1150;
				ORGANIZATIONNAME = "Matthew Dooley";
				TargetAttributes = {
					34C809E0246B7C2100DBC2D2 = {
						CreatedOnToolsVersion = 11.4.1;
					};
				};
			};
			buildConfigurationList = 34C809DC246B7C2100DBC2D2 /* Build configuration list for PBXProject "learning-metal" */;
			compatibilityVersion = "Xcode 9.3";
			developmentRegion = en;
			hasScannedForEncodings = 0;
			knownRegions = (
				en,
				Base,
			);
			mainGroup = 34C809D8246B7C2100DBC2D2;
			productRefGroup = 34C809E2246B7C2100DBC2D2 /* Products */;
			projectDirPath = "";
			projectRoot = "";
			targets = (
				34C809E0246B7C2100DBC2D2 /* learning-metal */,
			);
		};
/* End PBXProject section */

/* Begin PBXSourcesBuildPhase section */
		34C809DD246B7C2100DBC2D2 /* Sources */ = {
			isa = PBXSourcesBuildPhase;
			buildActionMask = 2147483647;
			files = (
				34C809E5246B7C2100DBC2D2 /* main.swift in Sources */,
				349EAC61246BFD0900FB3E28 /* add.metal in Sources */,
				349EAC63246BFE5C00FB3E28 /* MetalAdder.swift in Sources */,
			);
			runOnlyForDeploymentPostprocessing = 0;
		};
/* End PBXSourcesBuildPhase section */

/* Begin XCBuildConfiguration section */
		34C809E6246B7C2100DBC2D2 /* Debug */ = {
			isa = XCBuildConfiguration;
			buildSettings = {
				ALWAYS_SEARCH_USER_PATHS = NO;
				CLANG_ANALYZER_NONNULL = YES;
				CLANG_ANALYZER_NUMBER_OBJECT_CONVERSION = YES_AGGRESSIVE;
				CLANG_CXX_LANGUAGE_STANDARD = "gnu++14";
				CLANG_CXX_LIBRARY = "libc++";
				CLANG_ENABLE_MODULES = YES;
				CLANG_ENABLE_OBJC_ARC = YES;
				CLANG_ENABLE_OBJC_WEAK = YES;
				CLANG_WARN_BLOCK_CAPTURE_AUTORELEASING = YES;
				CLANG_WARN_BOOL_CONVERSION = YES;
				CLANG_WARN_COMMA = YES;
				CLANG_WARN_CONSTANT_CONVERSION = YES;
				CLANG_WARN_DEPRECATED_OBJC_IMPLEMENTATIONS = YES;
				CLANG_WARN_DIRECT_OBJC_ISA_USAGE = YES_ERROR;
				CLANG_WARN_DOCUMENTATION_COMMENTS = YES;
				CLANG_WARN_EMPTY_BODY = YES;
				CLANG_WARN_ENUM_CONVERSION = YES;
				CLANG_WARN_INFINITE_RECURSION = YES;
				CLANG_WARN_INT_CONVERSION = YES;
				CLANG_WARN_NON_LITERAL_NULL_CONVERSION = YES;
				CLANG_WARN_OBJC_IMPLICIT_RETAIN_SELF = YES;
				CLANG_WARN_OBJC_LITERAL_CONVERSION = YES;
				CLANG_WARN_OBJC_ROOT_CLASS = YES_ERROR;
				CLANG_WARN_RANGE_LOOP_ANALYSIS = YES;
				CLANG_WARN_STRICT_PROTOTYPES = YES;
				CLANG_WARN_SUSPICIOUS_MOVE = YES;
				CLANG_WARN_UNGUARDED_AVAILABILITY = YES_AGGRESSIVE;
				CLANG_WARN_UNREACHABLE_CODE = YES;
				CLANG_WARN__DUPLICATE_METHOD_MATCH = YES;
				COPY_PHASE_STRIP = NO;
				DEBUG_INFORMATION_FORMAT = dwarf;
				ENABLE_STRICT_OBJC_MSGSEND = YES;
				ENABLE_TESTABILITY = YES;
				GCC_C_LANGUAGE_STANDARD = gnu11;
				GCC_DYNAMIC_NO_PIC = NO;
				GCC_NO_COMMON_BLOCKS = YES;
				GCC_OPTIMIZATION_LEVEL = 0;
				GCC_PREPROCESSOR_DEFINITIONS = (
					"DEBUG=1",
					"$(inherited)",
				);
				GCC_WARN_64_TO_32_BIT_CONVERSION = YES;
				GCC_WARN_ABOUT_RETURN_TYPE = YES_ERROR;
				GCC_WARN_UNDECLARED_SELECTOR = YES;
				GCC_WARN_UNINITIALIZED_AUTOS = YES_AGGRESSIVE;
				GCC_WARN_UNUSED_FUNCTION = YES;
				GCC_WARN_UNUSED_VARIABLE = YES;
				MACOSX_DEPLOYMENT_TARGET = 10.15;
				MTL_ENABLE_DEBUG_INFO = INCLUDE_SOURCE;
				MTL_FAST_MATH = YES;
				ONLY_ACTIVE_ARCH = YES;
				SDKROOT = macosx;
				SWIFT_ACTIVE_COMPILATION_CONDITIONS = DEBUG;
				SWIFT_OPTIMIZATION_LEVEL = "-Onone";
			};
			name = Debug;
		};
		34C809E7246B7C2100DBC2D2 /* Release */ = {
			isa = XCBuildConfiguration;
			buildSettings = {
				ALWAYS_SEARCH_USER_PATHS = NO;
				CLANG_ANALYZER_NONNULL = YES;
				CLANG_ANALYZER_NUMBER_OBJECT_CONVERSION = YES_AGGRESSIVE;
				CLANG_CXX_LANGUAGE_STANDARD = "gnu++14";
				CLANG_CXX_LIBRARY = "libc++";
				CLANG_ENABLE_MODULES = YES;
				CLANG_ENABLE_OBJC_ARC = YES;
				CLANG_ENABLE_OBJC_WEAK = YES;
				CLANG_WARN_BLOCK_CAPTURE_AUTORELEASING = YES;
				CLANG_WARN_BOOL_CONVERSION = YES;
				CLANG_WARN_COMMA = YES;
				CLANG_WARN_CONSTANT_CONVERSION = YES;
				CLANG_WARN_DEPRECATED_OBJC_IMPLEMENTATIONS = YES;
				CLANG_WARN_DIRECT_OBJC_ISA_USAGE = YES_ERROR;
				CLANG_WARN_DOCUMENTATION_COMMENTS = YES;
				CLANG_WARN_EMPTY_BODY = YES;
				CLANG_WARN_ENUM_CONVERSION = YES;
				CLANG_WARN_INFINITE_RECURSION = YES;
				CLANG_WARN_INT_CONVERSION = YES;
				CLANG_WARN_NON_LITERAL_NULL_CONVERSION = YES;
				CLANG_WARN_OBJC_IMPLICIT_RETAIN_SELF = YES;
				CLANG_WARN_OBJC_LITERAL_CONVERSION = YES;
				CLANG_WARN_OBJC_ROOT_CLASS = YES_ERROR;
				CLANG_WARN_RANGE_LOOP_ANALYSIS = YES;
				CLANG_WARN_STRICT_PROTOTYPES = YES;
				CLANG_WARN_SUSPICIOUS_MOVE = YES;
				CLANG_WARN_UNGUARDED_AVAILABILITY = YES_AGGRESSIVE;
				CLANG_WARN_UNREACHABLE_CODE = YES;
				CLANG_WARN__DUPLICATE_METHOD_MATCH = YES;
				COPY_PHASE_STRIP = NO;
				DEBUG_INFORMATION_FORMAT = "dwarf-with-dsym";
				ENABLE_NS_ASSERTIONS = NO;
				ENABLE_STRICT_OBJC_MSGSEND = YES;
				GCC_C_LANGUAGE_STANDARD = gnu11;
				GCC_NO_COMMON_BLOCKS = YES;
				GCC_WARN_64_TO_32_BIT_CONVERSION = YES;
				GCC_WARN_ABOUT_RETURN_TYPE = YES_ERROR;
				GCC_WARN_UNDECLARED_SELECTOR = YES;
				GCC_WARN_UNINITIALIZED_AUTOS = YES_AGGRESSIVE;
				GCC_WARN_UNUSED_FUNCTION = YES;
				GCC_WARN_UNUSED_VARIABLE = YES;
				MACOSX_DEPLOYMENT_TARGET = 10.15;
				MTL_ENABLE_DEBUG_INFO = NO;
				MTL_FAST_MATH = YES;
				SDKROOT = macosx;
				SWIFT_COMPILATION_MODE = wholemodule;
				SWIFT_OPTIMIZATION_LEVEL = "-O";
			};
			name = Release;
		};
		34C809E9246B7C2100DBC2D2 /* Debug */ = {
			isa = XCBuildConfiguration;
			buildSettings = {
				CODE_SIGN_IDENTITY = "-";
				CODE_SIGN_STYLE = Automatic;
				DEVELOPMENT_TEAM = RUZM7ULTJ2;
				ENABLE_HARDENED_RUNTIME = YES;
				PRODUCT_NAME = "$(TARGET_NAME)";
				SWIFT_VERSION = 5.0;
			};
			name = Debug;
		};
		34C809EA246B7C2100DBC2D2 /* Release */ = {
			isa = XCBuildConfiguration;
			buildSettings = {
				CODE_SIGN_IDENTITY = "-";
				CODE_SIGN_STYLE = Automatic;
				DEVELOPMENT_TEAM = RUZM7ULTJ2;
				ENABLE_HARDENED_RUNTIME = YES;
				PRODUCT_NAME = "$(TARGET_NAME)";
				SWIFT_VERSION = 5.0;
			};
			name = Release;
		};
/* End XCBuildConfiguration section */

/* Begin XCConfigurationList section */
		34C809DC246B7C2100DBC2D2 /* Build configuration list for PBXProject "learning-metal" */ = {
			isa = XCConfigurationList;
			buildConfigurations = (
				34C809E6246B7C2100DBC2D2 /* Debug */,
				34C809E7246B7C2100DBC2D2 /* Release */,
			);
			defaultConfigurationIsVisible = 0;
			defaultConfigurationName = Release;
		};
		34C809E8246B7C2100DBC2D2 /* Build configuration list for PBXNativeTarget "learning-metal" */ = {
			isa = XCConfigurationList;
			buildConfigurations = (
				34C809E9246B7C2100DBC2D2 /* Debug */,
				34C809EA246B7C2100DBC2D2 /* Release */,
			);
			defaultConfigurationIsVisible = 0;
			defaultConfigurationName = Release;
		};
/* End XCConfigurationList section */
	};
	rootObject = 34C809D9246B7C2100DBC2D2 /* Project object */;
}
